// !$*UTF8*$!
{
	archiveVersion = 1;
	classes = {
	};
	objectVersion = 56;
	objects = {

/* Begin PBXBuildFile section */
		04D453032AE8B58500EE529B /* SettingsPageVC.swift in Sources */ = {isa = PBXBuildFile; fileRef = 04D453022AE8B58500EE529B /* SettingsPageVC.swift */; };
		04D4530D2AE8B9A000EE529B /* About.png in Resources */ = {isa = PBXBuildFile; fileRef = 04D453072AE8B9A000EE529B /* About.png */; };
		04D4530E2AE8B9A000EE529B /* Privacy & Security.png in Resources */ = {isa = PBXBuildFile; fileRef = 04D453082AE8B9A000EE529B /* Privacy & Security.png */; };
		04D4530F2AE8B9A000EE529B /* Appearance.png in Resources */ = {isa = PBXBuildFile; fileRef = 04D453092AE8B9A000EE529B /* Appearance.png */; };
		04D453102AE8B9A000EE529B /* Account.png in Resources */ = {isa = PBXBuildFile; fileRef = 04D4530A2AE8B9A000EE529B /* Account.png */; };
		04D453112AE8B9A000EE529B /* Help & Support.png in Resources */ = {isa = PBXBuildFile; fileRef = 04D4530B2AE8B9A000EE529B /* Help & Support.png */; };
		04D453122AE8B9A000EE529B /* Notifications.png in Resources */ = {isa = PBXBuildFile; fileRef = 04D4530C2AE8B9A000EE529B /* Notifications.png */; };
		321F68DE2AC952DA005F6DD4 /* AppDelegate.swift in Sources */ = {isa = PBXBuildFile; fileRef = 321F68DD2AC952DA005F6DD4 /* AppDelegate.swift */; };
		321F68E02AC952DA005F6DD4 /* SceneDelegate.swift in Sources */ = {isa = PBXBuildFile; fileRef = 321F68DF2AC952DA005F6DD4 /* SceneDelegate.swift */; };
		321F68E82AC952DA005F6DD4 /* MINIMAL.xcdatamodeld in Sources */ = {isa = PBXBuildFile; fileRef = 321F68E62AC952DA005F6DD4 /* MINIMAL.xcdatamodeld */; };
		321F68EA2AC952DB005F6DD4 /* Assets.xcassets in Resources */ = {isa = PBXBuildFile; fileRef = 321F68E92AC952DB005F6DD4 /* Assets.xcassets */; };
		321F68ED2AC952DB005F6DD4 /* LaunchScreen.storyboard in Resources */ = {isa = PBXBuildFile; fileRef = 321F68EB2AC952DB005F6DD4 /* LaunchScreen.storyboard */; };
		321F68F92AC952DB005F6DD4 /* MINIMALTests.swift in Sources */ = {isa = PBXBuildFile; fileRef = 321F68F82AC952DB005F6DD4 /* MINIMALTests.swift */; };
		321F69032AC952DB005F6DD4 /* MINIMALUITests.swift in Sources */ = {isa = PBXBuildFile; fileRef = 321F69022AC952DB005F6DD4 /* MINIMALUITests.swift */; };
		321F69052AC952DB005F6DD4 /* MINIMALUITestsLaunchTests.swift in Sources */ = {isa = PBXBuildFile; fileRef = 321F69042AC952DB005F6DD4 /* MINIMALUITestsLaunchTests.swift */; };
		321F69152AC95536005F6DD4 /* HomePageVC.swift in Sources */ = {isa = PBXBuildFile; fileRef = 321F69142AC95536005F6DD4 /* HomePageVC.swift */; };
		321F69172AC95552005F6DD4 /* AddExpensePageVC.swift in Sources */ = {isa = PBXBuildFile; fileRef = 321F69162AC95552005F6DD4 /* AddExpensePageVC.swift */; };
		321F69192AC95566005F6DD4 /* ReportsPageVC.swift in Sources */ = {isa = PBXBuildFile; fileRef = 321F69182AC95566005F6DD4 /* ReportsPageVC.swift */; };
		321F691B2AC95580005F6DD4 /* BudgetPageVC.swift in Sources */ = {isa = PBXBuildFile; fileRef = 321F691A2AC95580005F6DD4 /* BudgetPageVC.swift */; };
		322C4E742AE2126D008706AB /* Category+CoreDataClass.swift in Sources */ = {isa = PBXBuildFile; fileRef = 322C4E722AE2126D008706AB /* Category+CoreDataClass.swift */; };
		322C4E752AE2126D008706AB /* Category+CoreDataProperties.swift in Sources */ = {isa = PBXBuildFile; fileRef = 322C4E732AE2126D008706AB /* Category+CoreDataProperties.swift */; };
		323D27452AD2155900C288D8 /* ExpenseTableViewCell.swift in Sources */ = {isa = PBXBuildFile; fileRef = 323D27432AD2155900C288D8 /* ExpenseTableViewCell.swift */; };
		323D27462AD2155900C288D8 /* ExpenseTableViewCell.xib in Resources */ = {isa = PBXBuildFile; fileRef = 323D27442AD2155900C288D8 /* ExpenseTableViewCell.xib */; };
		3242147B2AD8372C0012D648 /* Transaction Date.png in Resources */ = {isa = PBXBuildFile; fileRef = 3242147A2AD8372C0012D648 /* Transaction Date.png */; };
		3242147D2AD837BC0012D648 /* Category.png in Resources */ = {isa = PBXBuildFile; fileRef = 3242147C2AD837BC0012D648 /* Category.png */; };
		3242147F2AD838090012D648 /* Repeat.png in Resources */ = {isa = PBXBuildFile; fileRef = 3242147E2AD838090012D648 /* Repeat.png */; };
		32727EA52ACA205500854443 /* Main.storyboard in Resources */ = {isa = PBXBuildFile; fileRef = 32727EA42ACA205500854443 /* Main.storyboard */; };
		32A939EC2ACFB9E00005974B /* Expense+CoreDataClass.swift in Sources */ = {isa = PBXBuildFile; fileRef = 32A939EA2ACFB9E00005974B /* Expense+CoreDataClass.swift */; };
		32A939ED2ACFB9E00005974B /* Expense+CoreDataProperties.swift in Sources */ = {isa = PBXBuildFile; fileRef = 32A939EB2ACFB9E00005974B /* Expense+CoreDataProperties.swift */; };
		32A939F02ACFBBEC0005974B /* ExpenseDataManager.swift in Sources */ = {isa = PBXBuildFile; fileRef = 32A939EF2ACFBBEC0005974B /* ExpenseDataManager.swift */; };
		32AB48D12AD95B3300EF5571 /* CustomOverlayPopUpVC.swift in Sources */ = {isa = PBXBuildFile; fileRef = 32AB48CF2AD95B3300EF5571 /* CustomOverlayPopUpVC.swift */; };
		32AB48D22AD95B3300EF5571 /* CustomOverlayPopUpVC.xib in Resources */ = {isa = PBXBuildFile; fileRef = 32AB48D02AD95B3300EF5571 /* CustomOverlayPopUpVC.xib */; };
		32AB48D62AD96EB600EF5571 /* AddExpenseFieldsTableCell.swift in Sources */ = {isa = PBXBuildFile; fileRef = 32AB48D42AD96EB600EF5571 /* AddExpenseFieldsTableCell.swift */; };
		32AB48D72AD96EB600EF5571 /* addExpenseFieldsTableCell.xib in Resources */ = {isa = PBXBuildFile; fileRef = 32AB48D52AD96EB600EF5571 /* addExpenseFieldsTableCell.xib */; };
		32AB48DA2ADAE52C00EF5571 /* Utils.swift in Sources */ = {isa = PBXBuildFile; fileRef = 32AB48D92ADAE52C00EF5571 /* Utils.swift */; };
		32AB48DC2ADAFE4900EF5571 /* TransactionRepeatPeriodVC.swift in Sources */ = {isa = PBXBuildFile; fileRef = 32AB48DB2ADAFE4900EF5571 /* TransactionRepeatPeriodVC.swift */; };
/* End PBXBuildFile section */

/* Begin PBXContainerItemProxy section */
		321F68F52AC952DB005F6DD4 /* PBXContainerItemProxy */ = {
			isa = PBXContainerItemProxy;
			containerPortal = 321F68D22AC952DA005F6DD4 /* Project object */;
			proxyType = 1;
			remoteGlobalIDString = 321F68D92AC952DA005F6DD4;
			remoteInfo = MINIMAL;
		};
		321F68FF2AC952DB005F6DD4 /* PBXContainerItemProxy */ = {
			isa = PBXContainerItemProxy;
			containerPortal = 321F68D22AC952DA005F6DD4 /* Project object */;
			proxyType = 1;
			remoteGlobalIDString = 321F68D92AC952DA005F6DD4;
			remoteInfo = MINIMAL;
		};
/* End PBXContainerItemProxy section */

/* Begin PBXFileReference section */
		04D453022AE8B58500EE529B /* SettingsPageVC.swift */ = {isa = PBXFileReference; lastKnownFileType = sourcecode.swift; path = SettingsPageVC.swift; sourceTree = "<group>"; };
		04D453072AE8B9A000EE529B /* About.png */ = {isa = PBXFileReference; lastKnownFileType = image.png; path = About.png; sourceTree = "<group>"; };
		04D453082AE8B9A000EE529B /* Privacy & Security.png */ = {isa = PBXFileReference; lastKnownFileType = image.png; path = "Privacy & Security.png"; sourceTree = "<group>"; };
		04D453092AE8B9A000EE529B /* Appearance.png */ = {isa = PBXFileReference; lastKnownFileType = image.png; path = Appearance.png; sourceTree = "<group>"; };
		04D4530A2AE8B9A000EE529B /* Account.png */ = {isa = PBXFileReference; lastKnownFileType = image.png; path = Account.png; sourceTree = "<group>"; };
		04D4530B2AE8B9A000EE529B /* Help & Support.png */ = {isa = PBXFileReference; lastKnownFileType = image.png; path = "Help & Support.png"; sourceTree = "<group>"; };
		04D4530C2AE8B9A000EE529B /* Notifications.png */ = {isa = PBXFileReference; lastKnownFileType = image.png; path = Notifications.png; sourceTree = "<group>"; };
		321F68DA2AC952DA005F6DD4 /* MINIMAL.app */ = {isa = PBXFileReference; explicitFileType = wrapper.application; includeInIndex = 0; path = MINIMAL.app; sourceTree = BUILT_PRODUCTS_DIR; };
		321F68DD2AC952DA005F6DD4 /* AppDelegate.swift */ = {isa = PBXFileReference; lastKnownFileType = sourcecode.swift; path = AppDelegate.swift; sourceTree = "<group>"; };
		321F68DF2AC952DA005F6DD4 /* SceneDelegate.swift */ = {isa = PBXFileReference; lastKnownFileType = sourcecode.swift; path = SceneDelegate.swift; sourceTree = "<group>"; };
		321F68E72AC952DA005F6DD4 /* MINIMAL.xcdatamodel */ = {isa = PBXFileReference; lastKnownFileType = wrapper.xcdatamodel; path = MINIMAL.xcdatamodel; sourceTree = "<group>"; };
		321F68E92AC952DB005F6DD4 /* Assets.xcassets */ = {isa = PBXFileReference; lastKnownFileType = folder.assetcatalog; path = Assets.xcassets; sourceTree = "<group>"; };
		321F68EC2AC952DB005F6DD4 /* Base */ = {isa = PBXFileReference; lastKnownFileType = file.storyboard; name = Base; path = Base.lproj/LaunchScreen.storyboard; sourceTree = "<group>"; };
		321F68EE2AC952DB005F6DD4 /* MINIMAL.entitlements */ = {isa = PBXFileReference; lastKnownFileType = text.plist.entitlements; path = MINIMAL.entitlements; sourceTree = "<group>"; };
		321F68EF2AC952DB005F6DD4 /* Info.plist */ = {isa = PBXFileReference; lastKnownFileType = text.plist.xml; path = Info.plist; sourceTree = "<group>"; };
		321F68F42AC952DB005F6DD4 /* MINIMALTests.xctest */ = {isa = PBXFileReference; explicitFileType = wrapper.cfbundle; includeInIndex = 0; path = MINIMALTests.xctest; sourceTree = BUILT_PRODUCTS_DIR; };
		321F68F82AC952DB005F6DD4 /* MINIMALTests.swift */ = {isa = PBXFileReference; lastKnownFileType = sourcecode.swift; path = MINIMALTests.swift; sourceTree = "<group>"; };
		321F68FE2AC952DB005F6DD4 /* MINIMALUITests.xctest */ = {isa = PBXFileReference; explicitFileType = wrapper.cfbundle; includeInIndex = 0; path = MINIMALUITests.xctest; sourceTree = BUILT_PRODUCTS_DIR; };
		321F69022AC952DB005F6DD4 /* MINIMALUITests.swift */ = {isa = PBXFileReference; lastKnownFileType = sourcecode.swift; path = MINIMALUITests.swift; sourceTree = "<group>"; };
		321F69042AC952DB005F6DD4 /* MINIMALUITestsLaunchTests.swift */ = {isa = PBXFileReference; lastKnownFileType = sourcecode.swift; path = MINIMALUITestsLaunchTests.swift; sourceTree = "<group>"; };
		321F69142AC95536005F6DD4 /* HomePageVC.swift */ = {isa = PBXFileReference; lastKnownFileType = sourcecode.swift; path = HomePageVC.swift; sourceTree = "<group>"; };
		321F69162AC95552005F6DD4 /* AddExpensePageVC.swift */ = {isa = PBXFileReference; lastKnownFileType = sourcecode.swift; path = AddExpensePageVC.swift; sourceTree = "<group>"; };
		321F69182AC95566005F6DD4 /* ReportsPageVC.swift */ = {isa = PBXFileReference; lastKnownFileType = sourcecode.swift; path = ReportsPageVC.swift; sourceTree = "<group>"; };
		321F691A2AC95580005F6DD4 /* BudgetPageVC.swift */ = {isa = PBXFileReference; lastKnownFileType = sourcecode.swift; path = BudgetPageVC.swift; sourceTree = "<group>"; };
		322C4E722AE2126D008706AB /* Category+CoreDataClass.swift */ = {isa = PBXFileReference; lastKnownFileType = sourcecode.swift; path = "Category+CoreDataClass.swift"; sourceTree = "<group>"; };
		322C4E732AE2126D008706AB /* Category+CoreDataProperties.swift */ = {isa = PBXFileReference; lastKnownFileType = sourcecode.swift; path = "Category+CoreDataProperties.swift"; sourceTree = "<group>"; };
		323D27432AD2155900C288D8 /* ExpenseTableViewCell.swift */ = {isa = PBXFileReference; lastKnownFileType = sourcecode.swift; path = ExpenseTableViewCell.swift; sourceTree = "<group>"; };
		323D27442AD2155900C288D8 /* ExpenseTableViewCell.xib */ = {isa = PBXFileReference; lastKnownFileType = file.xib; path = ExpenseTableViewCell.xib; sourceTree = "<group>"; };
		3242147A2AD8372C0012D648 /* Transaction Date.png */ = {isa = PBXFileReference; lastKnownFileType = image.png; path = "Transaction Date.png"; sourceTree = "<group>"; };
		3242147C2AD837BC0012D648 /* Category.png */ = {isa = PBXFileReference; lastKnownFileType = image.png; path = Category.png; sourceTree = "<group>"; };
		3242147E2AD838090012D648 /* Repeat.png */ = {isa = PBXFileReference; lastKnownFileType = image.png; path = Repeat.png; sourceTree = "<group>"; };
		32727EA42ACA205500854443 /* Main.storyboard */ = {isa = PBXFileReference; lastKnownFileType = file.storyboard; path = Main.storyboard; sourceTree = "<group>"; };
		32A939EA2ACFB9E00005974B /* Expense+CoreDataClass.swift */ = {isa = PBXFileReference; lastKnownFileType = sourcecode.swift; path = "Expense+CoreDataClass.swift"; sourceTree = "<group>"; };
		32A939EB2ACFB9E00005974B /* Expense+CoreDataProperties.swift */ = {isa = PBXFileReference; lastKnownFileType = sourcecode.swift; path = "Expense+CoreDataProperties.swift"; sourceTree = "<group>"; };
		32A939EF2ACFBBEC0005974B /* ExpenseDataManager.swift */ = {isa = PBXFileReference; lastKnownFileType = sourcecode.swift; path = ExpenseDataManager.swift; sourceTree = "<group>"; };
		32AB48CF2AD95B3300EF5571 /* CustomOverlayPopUpVC.swift */ = {isa = PBXFileReference; lastKnownFileType = sourcecode.swift; path = CustomOverlayPopUpVC.swift; sourceTree = "<group>"; };
		32AB48D02AD95B3300EF5571 /* CustomOverlayPopUpVC.xib */ = {isa = PBXFileReference; lastKnownFileType = file.xib; path = CustomOverlayPopUpVC.xib; sourceTree = "<group>"; };
		32AB48D42AD96EB600EF5571 /* AddExpenseFieldsTableCell.swift */ = {isa = PBXFileReference; lastKnownFileType = sourcecode.swift; path = AddExpenseFieldsTableCell.swift; sourceTree = "<group>"; };
		32AB48D52AD96EB600EF5571 /* addExpenseFieldsTableCell.xib */ = {isa = PBXFileReference; lastKnownFileType = file.xib; path = addExpenseFieldsTableCell.xib; sourceTree = "<group>"; };
		32AB48D92ADAE52C00EF5571 /* Utils.swift */ = {isa = PBXFileReference; lastKnownFileType = sourcecode.swift; path = Utils.swift; sourceTree = "<group>"; };
		32AB48DB2ADAFE4900EF5571 /* TransactionRepeatPeriodVC.swift */ = {isa = PBXFileReference; lastKnownFileType = sourcecode.swift; path = TransactionRepeatPeriodVC.swift; sourceTree = "<group>"; };
/* End PBXFileReference section */

/* Begin PBXFrameworksBuildPhase section */
		321F68D72AC952DA005F6DD4 /* Frameworks */ = {
			isa = PBXFrameworksBuildPhase;
			buildActionMask = 2147483647;
			files = (
			);
			runOnlyForDeploymentPostprocessing = 0;
		};
		321F68F12AC952DB005F6DD4 /* Frameworks */ = {
			isa = PBXFrameworksBuildPhase;
			buildActionMask = 2147483647;
			files = (
			);
			runOnlyForDeploymentPostprocessing = 0;
		};
		321F68FB2AC952DB005F6DD4 /* Frameworks */ = {
			isa = PBXFrameworksBuildPhase;
			buildActionMask = 2147483647;
			files = (
			);
			runOnlyForDeploymentPostprocessing = 0;
		};
/* End PBXFrameworksBuildPhase section */

/* Begin PBXGroup section */
		04D453042AE8B82B00EE529B /* Add Expense */ = {
			isa = PBXGroup;
			children = (
				3242147C2AD837BC0012D648 /* Category.png */,
				3242147E2AD838090012D648 /* Repeat.png */,
				3242147A2AD8372C0012D648 /* Transaction Date.png */,
			);
			path = "Add Expense";
			sourceTree = "<group>";
		};
		04D453062AE8B99400EE529B /* Settings */ = {
			isa = PBXGroup;
			children = (
				04D453072AE8B9A000EE529B /* About.png */,
				04D4530A2AE8B9A000EE529B /* Account.png */,
				04D453092AE8B9A000EE529B /* Appearance.png */,
				04D4530B2AE8B9A000EE529B /* Help & Support.png */,
				04D4530C2AE8B9A000EE529B /* Notifications.png */,
				04D453082AE8B9A000EE529B /* Privacy & Security.png */,
			);
			path = Settings;
			sourceTree = "<group>";
		};
		321F68D12AC952DA005F6DD4 = {
			isa = PBXGroup;
			children = (
				321F68DC2AC952DA005F6DD4 /* MINIMAL */,
				321F68F72AC952DB005F6DD4 /* MINIMALTests */,
				321F69012AC952DB005F6DD4 /* MINIMALUITests */,
				321F68DB2AC952DA005F6DD4 /* Products */,
			);
			sourceTree = "<group>";
		};
		321F68DB2AC952DA005F6DD4 /* Products */ = {
			isa = PBXGroup;
			children = (
				321F68DA2AC952DA005F6DD4 /* MINIMAL.app */,
				321F68F42AC952DB005F6DD4 /* MINIMALTests.xctest */,
				321F68FE2AC952DB005F6DD4 /* MINIMALUITests.xctest */,
			);
			name = Products;
			sourceTree = "<group>";
		};
		321F68DC2AC952DA005F6DD4 /* MINIMAL */ = {
			isa = PBXGroup;
			children = (
				321F69132AC9535A005F6DD4 /* Models */,
				321F69122AC95355005F6DD4 /* Views */,
				321F69112AC95344005F6DD4 /* View Controllers */,
				321F68DD2AC952DA005F6DD4 /* AppDelegate.swift */,
				321F68DF2AC952DA005F6DD4 /* SceneDelegate.swift */,
				321F68E92AC952DB005F6DD4 /* Assets.xcassets */,
				321F68EB2AC952DB005F6DD4 /* LaunchScreen.storyboard */,
				321F68EE2AC952DB005F6DD4 /* MINIMAL.entitlements */,
				321F68EF2AC952DB005F6DD4 /* Info.plist */,
			);
			path = MINIMAL;
			sourceTree = "<group>";
		};
		321F68F72AC952DB005F6DD4 /* MINIMALTests */ = {
			isa = PBXGroup;
			children = (
				321F68F82AC952DB005F6DD4 /* MINIMALTests.swift */,
			);
			path = MINIMALTests;
			sourceTree = "<group>";
		};
		321F69012AC952DB005F6DD4 /* MINIMALUITests */ = {
			isa = PBXGroup;
			children = (
				321F69022AC952DB005F6DD4 /* MINIMALUITests.swift */,
				321F69042AC952DB005F6DD4 /* MINIMALUITestsLaunchTests.swift */,
			);
			path = MINIMALUITests;
			sourceTree = "<group>";
		};
		321F69112AC95344005F6DD4 /* View Controllers */ = {
			isa = PBXGroup;
			children = (
				3242145F2AD832A60012D648 /* Icons */,
				3222F5A12AD38C9E00EAED5C /* Home */,
				321F69182AC95566005F6DD4 /* ReportsPageVC.swift */,
				321F691A2AC95580005F6DD4 /* BudgetPageVC.swift */,
				32AB48D92ADAE52C00EF5571 /* Utils.swift */,
				04D453022AE8B58500EE529B /* SettingsPageVC.swift */,
			);
			path = "View Controllers";
			sourceTree = "<group>";
		};
		321F69122AC95355005F6DD4 /* Views */ = {
			isa = PBXGroup;
			children = (
				32727EA42ACA205500854443 /* Main.storyboard */,
			);
			path = Views;
			sourceTree = "<group>";
		};
		321F69132AC9535A005F6DD4 /* Models */ = {
			isa = PBXGroup;
			children = (
				322C4E712AE21197008706AB /* Category */,
				32A939EE2ACFBBC40005974B /* Expense */,
				321F68E62AC952DA005F6DD4 /* MINIMAL.xcdatamodeld */,
			);
			path = Models;
			sourceTree = "<group>";
		};
		3222F5A12AD38C9E00EAED5C /* Home */ = {
			isa = PBXGroup;
			children = (
				32AB48D32AD96C0300EF5571 /* Add Expense */,
				321F69142AC95536005F6DD4 /* HomePageVC.swift */,
				323D27432AD2155900C288D8 /* ExpenseTableViewCell.swift */,
				323D27442AD2155900C288D8 /* ExpenseTableViewCell.xib */,
			);
			path = Home;
			sourceTree = "<group>";
		};
		322C4E712AE21197008706AB /* Category */ = {
			isa = PBXGroup;
			children = (
				322C4E722AE2126D008706AB /* Category+CoreDataClass.swift */,
				322C4E732AE2126D008706AB /* Category+CoreDataProperties.swift */,
			);
			path = Category;
			sourceTree = "<group>";
		};
		3242145F2AD832A60012D648 /* Icons */ = {
			isa = PBXGroup;
			children = (
				04D453062AE8B99400EE529B /* Settings */,
				04D453042AE8B82B00EE529B /* Add Expense */,
			);
			path = Icons;
			sourceTree = "<group>";
		};
		32A939EE2ACFBBC40005974B /* Expense */ = {
			isa = PBXGroup;
			children = (
				32A939EA2ACFB9E00005974B /* Expense+CoreDataClass.swift */,
				32A939EB2ACFB9E00005974B /* Expense+CoreDataProperties.swift */,
				32A939EF2ACFBBEC0005974B /* ExpenseDataManager.swift */,
			);
			path = Expense;
			sourceTree = "<group>";
		};
		32AB48D32AD96C0300EF5571 /* Add Expense */ = {
			isa = PBXGroup;
			children = (
				321F69162AC95552005F6DD4 /* AddExpensePageVC.swift */,
				32AB48CF2AD95B3300EF5571 /* CustomOverlayPopUpVC.swift */,
				32AB48D02AD95B3300EF5571 /* CustomOverlayPopUpVC.xib */,
				32AB48D42AD96EB600EF5571 /* AddExpenseFieldsTableCell.swift */,
				32AB48D52AD96EB600EF5571 /* addExpenseFieldsTableCell.xib */,
				32AB48DB2ADAFE4900EF5571 /* TransactionRepeatPeriodVC.swift */,
			);
			path = "Add Expense";
			sourceTree = "<group>";
		};
/* End PBXGroup section */

/* Begin PBXNativeTarget section */
		321F68D92AC952DA005F6DD4 /* MINIMAL */ = {
			isa = PBXNativeTarget;
			buildConfigurationList = 321F69082AC952DB005F6DD4 /* Build configuration list for PBXNativeTarget "MINIMAL" */;
			buildPhases = (
				321F68D62AC952DA005F6DD4 /* Sources */,
				321F68D72AC952DA005F6DD4 /* Frameworks */,
				321F68D82AC952DA005F6DD4 /* Resources */,
			);
			buildRules = (
			);
			dependencies = (
			);
			name = MINIMAL;
			productName = MINIMAL;
			productReference = 321F68DA2AC952DA005F6DD4 /* MINIMAL.app */;
			productType = "com.apple.product-type.application";
		};
		321F68F32AC952DB005F6DD4 /* MINIMALTests */ = {
			isa = PBXNativeTarget;
			buildConfigurationList = 321F690B2AC952DB005F6DD4 /* Build configuration list for PBXNativeTarget "MINIMALTests" */;
			buildPhases = (
				321F68F02AC952DB005F6DD4 /* Sources */,
				321F68F12AC952DB005F6DD4 /* Frameworks */,
				321F68F22AC952DB005F6DD4 /* Resources */,
			);
			buildRules = (
			);
			dependencies = (
				321F68F62AC952DB005F6DD4 /* PBXTargetDependency */,
			);
			name = MINIMALTests;
			productName = MINIMALTests;
			productReference = 321F68F42AC952DB005F6DD4 /* MINIMALTests.xctest */;
			productType = "com.apple.product-type.bundle.unit-test";
		};
		321F68FD2AC952DB005F6DD4 /* MINIMALUITests */ = {
			isa = PBXNativeTarget;
			buildConfigurationList = 321F690E2AC952DB005F6DD4 /* Build configuration list for PBXNativeTarget "MINIMALUITests" */;
			buildPhases = (
				321F68FA2AC952DB005F6DD4 /* Sources */,
				321F68FB2AC952DB005F6DD4 /* Frameworks */,
				321F68FC2AC952DB005F6DD4 /* Resources */,
			);
			buildRules = (
			);
			dependencies = (
				321F69002AC952DB005F6DD4 /* PBXTargetDependency */,
			);
			name = MINIMALUITests;
			productName = MINIMALUITests;
			productReference = 321F68FE2AC952DB005F6DD4 /* MINIMALUITests.xctest */;
			productType = "com.apple.product-type.bundle.ui-testing";
		};
/* End PBXNativeTarget section */

/* Begin PBXProject section */
		321F68D22AC952DA005F6DD4 /* Project object */ = {
			isa = PBXProject;
			attributes = {
				BuildIndependentTargetsInParallel = 1;
				LastSwiftUpdateCheck = 1500;
				LastUpgradeCheck = 1500;
				TargetAttributes = {
					321F68D92AC952DA005F6DD4 = {
						CreatedOnToolsVersion = 15.0;
					};
					321F68F32AC952DB005F6DD4 = {
						CreatedOnToolsVersion = 15.0;
						TestTargetID = 321F68D92AC952DA005F6DD4;
					};
					321F68FD2AC952DB005F6DD4 = {
						CreatedOnToolsVersion = 15.0;
						TestTargetID = 321F68D92AC952DA005F6DD4;
					};
				};
			};
			buildConfigurationList = 321F68D52AC952DA005F6DD4 /* Build configuration list for PBXProject "MINIMAL" */;
			compatibilityVersion = "Xcode 14.0";
			developmentRegion = en;
			hasScannedForEncodings = 0;
			knownRegions = (
				en,
				Base,
			);
			mainGroup = 321F68D12AC952DA005F6DD4;
			productRefGroup = 321F68DB2AC952DA005F6DD4 /* Products */;
			projectDirPath = "";
			projectRoot = "";
			targets = (
				321F68D92AC952DA005F6DD4 /* MINIMAL */,
				321F68F32AC952DB005F6DD4 /* MINIMALTests */,
				321F68FD2AC952DB005F6DD4 /* MINIMALUITests */,
			);
		};
/* End PBXProject section */

/* Begin PBXResourcesBuildPhase section */
		321F68D82AC952DA005F6DD4 /* Resources */ = {
			isa = PBXResourcesBuildPhase;
			buildActionMask = 2147483647;
			files = (
				323D27462AD2155900C288D8 /* ExpenseTableViewCell.xib in Resources */,
				04D453102AE8B9A000EE529B /* Account.png in Resources */,
				04D4530F2AE8B9A000EE529B /* Appearance.png in Resources */,
				32AB48D72AD96EB600EF5571 /* addExpenseFieldsTableCell.xib in Resources */,
				04D4530E2AE8B9A000EE529B /* Privacy & Security.png in Resources */,
				04D453112AE8B9A000EE529B /* Help & Support.png in Resources */,
				04D453122AE8B9A000EE529B /* Notifications.png in Resources */,
				3242147D2AD837BC0012D648 /* Category.png in Resources */,
				3242147B2AD8372C0012D648 /* Transaction Date.png in Resources */,
				32AB48D22AD95B3300EF5571 /* CustomOverlayPopUpVC.xib in Resources */,
				32727EA52ACA205500854443 /* Main.storyboard in Resources */,
				3242147F2AD838090012D648 /* Repeat.png in Resources */,
				04D4530D2AE8B9A000EE529B /* About.png in Resources */,
				321F68ED2AC952DB005F6DD4 /* LaunchScreen.storyboard in Resources */,
				321F68EA2AC952DB005F6DD4 /* Assets.xcassets in Resources */,
			);
			runOnlyForDeploymentPostprocessing = 0;
		};
		321F68F22AC952DB005F6DD4 /* Resources */ = {
			isa = PBXResourcesBuildPhase;
			buildActionMask = 2147483647;
			files = (
			);
			runOnlyForDeploymentPostprocessing = 0;
		};
		321F68FC2AC952DB005F6DD4 /* Resources */ = {
			isa = PBXResourcesBuildPhase;
			buildActionMask = 2147483647;
			files = (
			);
			runOnlyForDeploymentPostprocessing = 0;
		};
/* End PBXResourcesBuildPhase section */

/* Begin PBXSourcesBuildPhase section */
		321F68D62AC952DA005F6DD4 /* Sources */ = {
			isa = PBXSourcesBuildPhase;
			buildActionMask = 2147483647;
			files = (
				321F691B2AC95580005F6DD4 /* BudgetPageVC.swift in Sources */,
				32A939F02ACFBBEC0005974B /* ExpenseDataManager.swift in Sources */,
				32A939EC2ACFB9E00005974B /* Expense+CoreDataClass.swift in Sources */,
				32AB48DA2ADAE52C00EF5571 /* Utils.swift in Sources */,
				321F68DE2AC952DA005F6DD4 /* AppDelegate.swift in Sources */,
				32AB48DC2ADAFE4900EF5571 /* TransactionRepeatPeriodVC.swift in Sources */,
				321F69152AC95536005F6DD4 /* HomePageVC.swift in Sources */,
				32AB48D62AD96EB600EF5571 /* AddExpenseFieldsTableCell.swift in Sources */,
				322C4E752AE2126D008706AB /* Category+CoreDataProperties.swift in Sources */,
				321F69192AC95566005F6DD4 /* ReportsPageVC.swift in Sources */,
				322C4E742AE2126D008706AB /* Category+CoreDataClass.swift in Sources */,
				32A939ED2ACFB9E00005974B /* Expense+CoreDataProperties.swift in Sources */,
				321F69172AC95552005F6DD4 /* AddExpensePageVC.swift in Sources */,
				323D27452AD2155900C288D8 /* ExpenseTableViewCell.swift in Sources */,
				321F68E02AC952DA005F6DD4 /* SceneDelegate.swift in Sources */,
				321F68E82AC952DA005F6DD4 /* MINIMAL.xcdatamodeld in Sources */,
				32AB48D12AD95B3300EF5571 /* CustomOverlayPopUpVC.swift in Sources */,
				04D453032AE8B58500EE529B /* SettingsPageVC.swift in Sources */,
			);
			runOnlyForDeploymentPostprocessing = 0;
		};
		321F68F02AC952DB005F6DD4 /* Sources */ = {
			isa = PBXSourcesBuildPhase;
			buildActionMask = 2147483647;
			files = (
				321F68F92AC952DB005F6DD4 /* MINIMALTests.swift in Sources */,
			);
			runOnlyForDeploymentPostprocessing = 0;
		};
		321F68FA2AC952DB005F6DD4 /* Sources */ = {
			isa = PBXSourcesBuildPhase;
			buildActionMask = 2147483647;
			files = (
				321F69052AC952DB005F6DD4 /* MINIMALUITestsLaunchTests.swift in Sources */,
				321F69032AC952DB005F6DD4 /* MINIMALUITests.swift in Sources */,
			);
			runOnlyForDeploymentPostprocessing = 0;
		};
/* End PBXSourcesBuildPhase section */

/* Begin PBXTargetDependency section */
		321F68F62AC952DB005F6DD4 /* PBXTargetDependency */ = {
			isa = PBXTargetDependency;
			target = 321F68D92AC952DA005F6DD4 /* MINIMAL */;
			targetProxy = 321F68F52AC952DB005F6DD4 /* PBXContainerItemProxy */;
		};
		321F69002AC952DB005F6DD4 /* PBXTargetDependency */ = {
			isa = PBXTargetDependency;
			target = 321F68D92AC952DA005F6DD4 /* MINIMAL */;
			targetProxy = 321F68FF2AC952DB005F6DD4 /* PBXContainerItemProxy */;
		};
/* End PBXTargetDependency section */

/* Begin PBXVariantGroup section */
		321F68EB2AC952DB005F6DD4 /* LaunchScreen.storyboard */ = {
			isa = PBXVariantGroup;
			children = (
				321F68EC2AC952DB005F6DD4 /* Base */,
			);
			name = LaunchScreen.storyboard;
			sourceTree = "<group>";
		};
/* End PBXVariantGroup section */

/* Begin XCBuildConfiguration section */
		321F69062AC952DB005F6DD4 /* Debug */ = {
			isa = XCBuildConfiguration;
			buildSettings = {
				ALWAYS_SEARCH_USER_PATHS = NO;
				ASSETCATALOG_COMPILER_GENERATE_SWIFT_ASSET_SYMBOL_EXTENSIONS = YES;
				CLANG_ANALYZER_NONNULL = YES;
				CLANG_ANALYZER_NUMBER_OBJECT_CONVERSION = YES_AGGRESSIVE;
				CLANG_CXX_LANGUAGE_STANDARD = "gnu++20";
				CLANG_ENABLE_MODULES = YES;
				CLANG_ENABLE_OBJC_ARC = YES;
				CLANG_ENABLE_OBJC_WEAK = YES;
				CLANG_WARN_BLOCK_CAPTURE_AUTORELEASING = YES;
				CLANG_WARN_BOOL_CONVERSION = YES;
				CLANG_WARN_COMMA = YES;
				CLANG_WARN_CONSTANT_CONVERSION = YES;
				CLANG_WARN_DEPRECATED_OBJC_IMPLEMENTATIONS = YES;
				CLANG_WARN_DIRECT_OBJC_ISA_USAGE = YES_ERROR;
				CLANG_WARN_DOCUMENTATION_COMMENTS = YES;
				CLANG_WARN_EMPTY_BODY = YES;
				CLANG_WARN_ENUM_CONVERSION = YES;
				CLANG_WARN_INFINITE_RECURSION = YES;
				CLANG_WARN_INT_CONVERSION = YES;
				CLANG_WARN_NON_LITERAL_NULL_CONVERSION = YES;
				CLANG_WARN_OBJC_IMPLICIT_RETAIN_SELF = YES;
				CLANG_WARN_OBJC_LITERAL_CONVERSION = YES;
				CLANG_WARN_OBJC_ROOT_CLASS = YES_ERROR;
				CLANG_WARN_QUOTED_INCLUDE_IN_FRAMEWORK_HEADER = YES;
				CLANG_WARN_RANGE_LOOP_ANALYSIS = YES;
				CLANG_WARN_STRICT_PROTOTYPES = YES;
				CLANG_WARN_SUSPICIOUS_MOVE = YES;
				CLANG_WARN_UNGUARDED_AVAILABILITY = YES_AGGRESSIVE;
				CLANG_WARN_UNREACHABLE_CODE = YES;
				CLANG_WARN__DUPLICATE_METHOD_MATCH = YES;
				COPY_PHASE_STRIP = NO;
				DEBUG_INFORMATION_FORMAT = dwarf;
				ENABLE_STRICT_OBJC_MSGSEND = YES;
				ENABLE_TESTABILITY = YES;
				ENABLE_USER_SCRIPT_SANDBOXING = YES;
				GCC_C_LANGUAGE_STANDARD = gnu17;
				GCC_DYNAMIC_NO_PIC = NO;
				GCC_NO_COMMON_BLOCKS = YES;
				GCC_OPTIMIZATION_LEVEL = 0;
				GCC_PREPROCESSOR_DEFINITIONS = (
					"DEBUG=1",
					"$(inherited)",
				);
				GCC_WARN_64_TO_32_BIT_CONVERSION = YES;
				GCC_WARN_ABOUT_RETURN_TYPE = YES_ERROR;
				GCC_WARN_UNDECLARED_SELECTOR = YES;
				GCC_WARN_UNINITIALIZED_AUTOS = YES_AGGRESSIVE;
				GCC_WARN_UNUSED_FUNCTION = YES;
				GCC_WARN_UNUSED_VARIABLE = YES;
				IPHONEOS_DEPLOYMENT_TARGET = 17.0;
				LOCALIZATION_PREFERS_STRING_CATALOGS = YES;
				MTL_ENABLE_DEBUG_INFO = INCLUDE_SOURCE;
				MTL_FAST_MATH = YES;
				ONLY_ACTIVE_ARCH = YES;
				SDKROOT = iphoneos;
				SWIFT_ACTIVE_COMPILATION_CONDITIONS = "DEBUG $(inherited)";
				SWIFT_OPTIMIZATION_LEVEL = "-Onone";
			};
			name = Debug;
		};
		321F69072AC952DB005F6DD4 /* Release */ = {
			isa = XCBuildConfiguration;
			buildSettings = {
				ALWAYS_SEARCH_USER_PATHS = NO;
				ASSETCATALOG_COMPILER_GENERATE_SWIFT_ASSET_SYMBOL_EXTENSIONS = YES;
				CLANG_ANALYZER_NONNULL = YES;
				CLANG_ANALYZER_NUMBER_OBJECT_CONVERSION = YES_AGGRESSIVE;
				CLANG_CXX_LANGUAGE_STANDARD = "gnu++20";
				CLANG_ENABLE_MODULES = YES;
				CLANG_ENABLE_OBJC_ARC = YES;
				CLANG_ENABLE_OBJC_WEAK = YES;
				CLANG_WARN_BLOCK_CAPTURE_AUTORELEASING = YES;
				CLANG_WARN_BOOL_CONVERSION = YES;
				CLANG_WARN_COMMA = YES;
				CLANG_WARN_CONSTANT_CONVERSION = YES;
				CLANG_WARN_DEPRECATED_OBJC_IMPLEMENTATIONS = YES;
				CLANG_WARN_DIRECT_OBJC_ISA_USAGE = YES_ERROR;
				CLANG_WARN_DOCUMENTATION_COMMENTS = YES;
				CLANG_WARN_EMPTY_BODY = YES;
				CLANG_WARN_ENUM_CONVERSION = YES;
				CLANG_WARN_INFINITE_RECURSION = YES;
				CLANG_WARN_INT_CONVERSION = YES;
				CLANG_WARN_NON_LITERAL_NULL_CONVERSION = YES;
				CLANG_WARN_OBJC_IMPLICIT_RETAIN_SELF = YES;
				CLANG_WARN_OBJC_LITERAL_CONVERSION = YES;
				CLANG_WARN_OBJC_ROOT_CLASS = YES_ERROR;
				CLANG_WARN_QUOTED_INCLUDE_IN_FRAMEWORK_HEADER = YES;
				CLANG_WARN_RANGE_LOOP_ANALYSIS = YES;
				CLANG_WARN_STRICT_PROTOTYPES = YES;
				CLANG_WARN_SUSPICIOUS_MOVE = YES;
				CLANG_WARN_UNGUARDED_AVAILABILITY = YES_AGGRESSIVE;
				CLANG_WARN_UNREACHABLE_CODE = YES;
				CLANG_WARN__DUPLICATE_METHOD_MATCH = YES;
				COPY_PHASE_STRIP = NO;
				DEBUG_INFORMATION_FORMAT = "dwarf-with-dsym";
				ENABLE_NS_ASSERTIONS = NO;
				ENABLE_STRICT_OBJC_MSGSEND = YES;
				ENABLE_USER_SCRIPT_SANDBOXING = YES;
				GCC_C_LANGUAGE_STANDARD = gnu17;
				GCC_NO_COMMON_BLOCKS = YES;
				GCC_WARN_64_TO_32_BIT_CONVERSION = YES;
				GCC_WARN_ABOUT_RETURN_TYPE = YES_ERROR;
				GCC_WARN_UNDECLARED_SELECTOR = YES;
				GCC_WARN_UNINITIALIZED_AUTOS = YES_AGGRESSIVE;
				GCC_WARN_UNUSED_FUNCTION = YES;
				GCC_WARN_UNUSED_VARIABLE = YES;
				IPHONEOS_DEPLOYMENT_TARGET = 17.0;
				LOCALIZATION_PREFERS_STRING_CATALOGS = YES;
				MTL_ENABLE_DEBUG_INFO = NO;
				MTL_FAST_MATH = YES;
				SDKROOT = iphoneos;
				SWIFT_COMPILATION_MODE = wholemodule;
				VALIDATE_PRODUCT = YES;
			};
			name = Release;
		};
		321F69092AC952DB005F6DD4 /* Debug */ = {
			isa = XCBuildConfiguration;
			buildSettings = {
				ASSETCATALOG_COMPILER_APPICON_NAME = AppIcon;
				ASSETCATALOG_COMPILER_GLOBAL_ACCENT_COLOR_NAME = MinimalTheme;
				CODE_SIGN_ENTITLEMENTS = MINIMAL/MINIMAL.entitlements;
				CODE_SIGN_STYLE = Automatic;
				CURRENT_PROJECT_VERSION = 1;
				GENERATE_INFOPLIST_FILE = YES;
				INFOPLIST_FILE = MINIMAL/Info.plist;
				INFOPLIST_KEY_UIApplicationSupportsIndirectInputEvents = YES;
				INFOPLIST_KEY_UILaunchStoryboardName = LaunchScreen;
				INFOPLIST_KEY_UIMainStoryboardFile = Main;
				INFOPLIST_KEY_UISupportedInterfaceOrientations_iPad = "UIInterfaceOrientationPortrait UIInterfaceOrientationPortraitUpsideDown UIInterfaceOrientationLandscapeLeft UIInterfaceOrientationLandscapeRight";
				INFOPLIST_KEY_UISupportedInterfaceOrientations_iPhone = "UIInterfaceOrientationPortrait UIInterfaceOrientationLandscapeLeft UIInterfaceOrientationLandscapeRight";
				LD_RUNPATH_SEARCH_PATHS = (
					"$(inherited)",
					"@executable_path/Frameworks",
				);
				MARKETING_VERSION = 1.0;
				PRODUCT_BUNDLE_IDENTIFIER = UHCL.MINIMAL;
				PRODUCT_NAME = "$(TARGET_NAME)";
				SWIFT_EMIT_LOC_STRINGS = YES;
				SWIFT_VERSION = 5.0;
				TARGETED_DEVICE_FAMILY = "1,2";
			};
			name = Debug;
		};
		321F690A2AC952DB005F6DD4 /* Release */ = {
			isa = XCBuildConfiguration;
			buildSettings = {
				ASSETCATALOG_COMPILER_APPICON_NAME = AppIcon;
				ASSETCATALOG_COMPILER_GLOBAL_ACCENT_COLOR_NAME = MinimalTheme;
				CODE_SIGN_ENTITLEMENTS = MINIMAL/MINIMAL.entitlements;
				CODE_SIGN_STYLE = Automatic;
				CURRENT_PROJECT_VERSION = 1;
				GENERATE_INFOPLIST_FILE = YES;
				INFOPLIST_FILE = MINIMAL/Info.plist;
				INFOPLIST_KEY_UIApplicationSupportsIndirectInputEvents = YES;
				INFOPLIST_KEY_UILaunchStoryboardName = LaunchScreen;
				INFOPLIST_KEY_UIMainStoryboardFile = Main;
				INFOPLIST_KEY_UISupportedInterfaceOrientations_iPad = "UIInterfaceOrientationPortrait UIInterfaceOrientationPortraitUpsideDown UIInterfaceOrientationLandscapeLeft UIInterfaceOrientationLandscapeRight";
				INFOPLIST_KEY_UISupportedInterfaceOrientations_iPhone = "UIInterfaceOrientationPortrait UIInterfaceOrientationLandscapeLeft UIInterfaceOrientationLandscapeRight";
				LD_RUNPATH_SEARCH_PATHS = (
					"$(inherited)",
					"@executable_path/Frameworks",
				);
				MARKETING_VERSION = 1.0;
				PRODUCT_BUNDLE_IDENTIFIER = UHCL.MINIMAL;
				PRODUCT_NAME = "$(TARGET_NAME)";
				SWIFT_EMIT_LOC_STRINGS = YES;
				SWIFT_VERSION = 5.0;
				TARGETED_DEVICE_FAMILY = "1,2";
			};
			name = Release;
		};
		321F690C2AC952DB005F6DD4 /* Debug */ = {
			isa = XCBuildConfiguration;
			buildSettings = {
				ALWAYS_EMBED_SWIFT_STANDARD_LIBRARIES = YES;
				BUNDLE_LOADER = "$(TEST_HOST)";
				CODE_SIGN_STYLE = Automatic;
				CURRENT_PROJECT_VERSION = 1;
				GENERATE_INFOPLIST_FILE = YES;
				IPHONEOS_DEPLOYMENT_TARGET = 17.0;
				MARKETING_VERSION = 1.0;
				PRODUCT_BUNDLE_IDENTIFIER = UHCL.MINIMALTests;
				PRODUCT_NAME = "$(TARGET_NAME)";
				SWIFT_EMIT_LOC_STRINGS = NO;
				SWIFT_VERSION = 5.0;
				TARGETED_DEVICE_FAMILY = "1,2";
				TEST_HOST = "$(BUILT_PRODUCTS_DIR)/MINIMAL.app/$(BUNDLE_EXECUTABLE_FOLDER_PATH)/MINIMAL";
			};
			name = Debug;
		};
		321F690D2AC952DB005F6DD4 /* Release */ = {
			isa = XCBuildConfiguration;
			buildSettings = {
				ALWAYS_EMBED_SWIFT_STANDARD_LIBRARIES = YES;
				BUNDLE_LOADER = "$(TEST_HOST)";
				CODE_SIGN_STYLE = Automatic;
				CURRENT_PROJECT_VERSION = 1;
				GENERATE_INFOPLIST_FILE = YES;
				IPHONEOS_DEPLOYMENT_TARGET = 17.0;
				MARKETING_VERSION = 1.0;
				PRODUCT_BUNDLE_IDENTIFIER = UHCL.MINIMALTests;
				PRODUCT_NAME = "$(TARGET_NAME)";
				SWIFT_EMIT_LOC_STRINGS = NO;
				SWIFT_VERSION = 5.0;
				TARGETED_DEVICE_FAMILY = "1,2";
				TEST_HOST = "$(BUILT_PRODUCTS_DIR)/MINIMAL.app/$(BUNDLE_EXECUTABLE_FOLDER_PATH)/MINIMAL";
			};
			name = Release;
		};
		321F690F2AC952DB005F6DD4 /* Debug */ = {
			isa = XCBuildConfiguration;
			buildSettings = {
				ALWAYS_EMBED_SWIFT_STANDARD_LIBRARIES = YES;
				CODE_SIGN_STYLE = Automatic;
				CURRENT_PROJECT_VERSION = 1;
				GENERATE_INFOPLIST_FILE = YES;
				MARKETING_VERSION = 1.0;
				PRODUCT_BUNDLE_IDENTIFIER = UHCL.MINIMALUITests;
				PRODUCT_NAME = "$(TARGET_NAME)";
				SWIFT_EMIT_LOC_STRINGS = NO;
				SWIFT_VERSION = 5.0;
				TARGETED_DEVICE_FAMILY = "1,2";
				TEST_TARGET_NAME = MINIMAL;
			};
			name = Debug;
		};
		321F69102AC952DB005F6DD4 /* Release */ = {
			isa = XCBuildConfiguration;
			buildSettings = {
				ALWAYS_EMBED_SWIFT_STANDARD_LIBRARIES = YES;
				CODE_SIGN_STYLE = Automatic;
				CURRENT_PROJECT_VERSION = 1;
				GENERATE_INFOPLIST_FILE = YES;
				MARKETING_VERSION = 1.0;
				PRODUCT_BUNDLE_IDENTIFIER = UHCL.MINIMALUITests;
				PRODUCT_NAME = "$(TARGET_NAME)";
				SWIFT_EMIT_LOC_STRINGS = NO;
				SWIFT_VERSION = 5.0;
				TARGETED_DEVICE_FAMILY = "1,2";
				TEST_TARGET_NAME = MINIMAL;
			};
			name = Release;
		};
/* End XCBuildConfiguration section */

/* Begin XCConfigurationList section */
		321F68D52AC952DA005F6DD4 /* Build configuration list for PBXProject "MINIMAL" */ = {
			isa = XCConfigurationList;
			buildConfigurations = (
				321F69062AC952DB005F6DD4 /* Debug */,
				321F69072AC952DB005F6DD4 /* Release */,
			);
			defaultConfigurationIsVisible = 0;
			defaultConfigurationName = Release;
		};
		321F69082AC952DB005F6DD4 /* Build configuration list for PBXNativeTarget "MINIMAL" */ = {
			isa = XCConfigurationList;
			buildConfigurations = (
				321F69092AC952DB005F6DD4 /* Debug */,
				321F690A2AC952DB005F6DD4 /* Release */,
			);
			defaultConfigurationIsVisible = 0;
			defaultConfigurationName = Release;
		};
		321F690B2AC952DB005F6DD4 /* Build configuration list for PBXNativeTarget "MINIMALTests" */ = {
			isa = XCConfigurationList;
			buildConfigurations = (
				321F690C2AC952DB005F6DD4 /* Debug */,
				321F690D2AC952DB005F6DD4 /* Release */,
			);
			defaultConfigurationIsVisible = 0;
			defaultConfigurationName = Release;
		};
		321F690E2AC952DB005F6DD4 /* Build configuration list for PBXNativeTarget "MINIMALUITests" */ = {
			isa = XCConfigurationList;
			buildConfigurations = (
				321F690F2AC952DB005F6DD4 /* Debug */,
				321F69102AC952DB005F6DD4 /* Release */,
			);
			defaultConfigurationIsVisible = 0;
			defaultConfigurationName = Release;
		};
/* End XCConfigurationList section */

/* Begin XCVersionGroup section */
		321F68E62AC952DA005F6DD4 /* MINIMAL.xcdatamodeld */ = {
			isa = XCVersionGroup;
			children = (
				321F68E72AC952DA005F6DD4 /* MINIMAL.xcdatamodel */,
			);
			currentVersion = 321F68E72AC952DA005F6DD4 /* MINIMAL.xcdatamodel */;
			path = MINIMAL.xcdatamodeld;
			sourceTree = "<group>";
			versionGroupType = wrapper.xcdatamodel;
		};
/* End XCVersionGroup section */
	};
	rootObject = 321F68D22AC952DA005F6DD4 /* Project object */;
}
